
Microsoft Visual Studio Solution File, Format Version 12.00
# Visual Studio Version 17
VisualStudioVersion = 17.3.32819.101
MinimumVisualStudioVersion = 10.0.40219.1
Project("{FAE04EC0-301F-11D3-BF4B-00C04F79EFBC}") = "uppgift 2_13", "uppgift 2_13\uppgift 2_13.csproj", "{18205B12-8FF4-4D50-800C-1031BCDB8B5A}"
EndProject
Global
	GlobalSection(SolutionConfigurationPlatforms) = preSolution
		Debug|Any CPU = Debug|Any CPU
		Release|Any CPU = Release|Any CPU
	EndGlobalSection
	GlobalSection(ProjectConfigurationPlatforms) = postSolution
		{18205B12-8FF4-4D50-800C-1031BCDB8B5A}.Debug|Any CPU.ActiveCfg = Debug|Any CPU
		{18205B12-8FF4-4D50-800C-1031BCDB8B5A}.Debug|Any CPU.Build.0 = Debug|Any CPU
		{18205B12-8FF4-4D50-800C-1031BCDB8B5A}.Release|Any CPU.ActiveCfg = Release|Any CPU
		{18205B12-8FF4-4D50-800C-1031BCDB8B5A}.Release|Any CPU.Build.0 = Release|Any CPU
	EndGlobalSection
	GlobalSection(SolutionProperties) = preSolution
		HideSolutionNode = FALSE
	EndGlobalSection
	GlobalSection(ExtensibilityGlobals) = postSolution
		SolutionGuid = {32457AEB-DB59-45C2-83F2-859600A60BCF}
	EndGlobalSection
EndGlobal
